// !$*UTF8*$!
{
	archiveVersion = 1;
	classes = {
	};
	objectVersion = 55;
	objects = {

/* Begin PBXBuildFile section */
		1CCCD5272710F497001268DA /* AppDelegate.swift in Sources */ = {isa = PBXBuildFile; fileRef = 1CCCD5262710F497001268DA /* AppDelegate.swift */; };
		1CCCD5292710F497001268DA /* SceneDelegate.swift in Sources */ = {isa = PBXBuildFile; fileRef = 1CCCD5282710F497001268DA /* SceneDelegate.swift */; };
		1CCCD52B2710F497001268DA /* MoviesViewController.swift in Sources */ = {isa = PBXBuildFile; fileRef = 1CCCD52A2710F497001268DA /* MoviesViewController.swift */; };
		1CCCD52E2710F497001268DA /* Main.storyboard in Resources */ = {isa = PBXBuildFile; fileRef = 1CCCD52C2710F497001268DA /* Main.storyboard */; };
		1CCCD5302710F499001268DA /* Assets.xcassets in Resources */ = {isa = PBXBuildFile; fileRef = 1CCCD52F2710F499001268DA /* Assets.xcassets */; };
		1CCCD5332710F499001268DA /* LaunchScreen.storyboard in Resources */ = {isa = PBXBuildFile; fileRef = 1CCCD5312710F499001268DA /* LaunchScreen.storyboard */; };
		1CCCD53E2710F499001268DA /* FlixAppTests.swift in Sources */ = {isa = PBXBuildFile; fileRef = 1CCCD53D2710F499001268DA /* FlixAppTests.swift */; };
		1CCCD5482710F49A001268DA /* FlixAppUITests.swift in Sources */ = {isa = PBXBuildFile; fileRef = 1CCCD5472710F49A001268DA /* FlixAppUITests.swift */; };
		1CCCD54A2710F49A001268DA /* FlixAppUITestsLaunchTests.swift in Sources */ = {isa = PBXBuildFile; fileRef = 1CCCD5492710F49A001268DA /* FlixAppUITestsLaunchTests.swift */; };
		1CCCD557271107F6001268DA /* MovieCell.swift in Sources */ = {isa = PBXBuildFile; fileRef = 1CCCD556271107F6001268DA /* MovieCell.swift */; };
		1CCCD55A27111540001268DA /* Algorithms in Frameworks */ = {isa = PBXBuildFile; productRef = 1CCCD55927111540001268DA /* Algorithms */; };
		1CCCD55D2711155E001268DA /* ArgumentParser in Frameworks */ = {isa = PBXBuildFile; productRef = 1CCCD55C2711155E001268DA /* ArgumentParser */; };
		1CCCD56027111584001268DA /* Collections in Frameworks */ = {isa = PBXBuildFile; productRef = 1CCCD55F27111584001268DA /* Collections */; };
		1CCCD56227111584001268DA /* DequeModule in Frameworks */ = {isa = PBXBuildFile; productRef = 1CCCD56127111584001268DA /* DequeModule */; };
		1CCCD56427111584001268DA /* OrderedCollections in Frameworks */ = {isa = PBXBuildFile; productRef = 1CCCD56327111584001268DA /* OrderedCollections */; };
		1CCCD567271115A4001268DA /* SystemPackage in Frameworks */ = {isa = PBXBuildFile; productRef = 1CCCD566271115A4001268DA /* SystemPackage */; };
		1CCCD56A2711251F001268DA /* AlamofireImage in Frameworks */ = {isa = PBXBuildFile; productRef = 1CCCD5692711251F001268DA /* AlamofireImage */; };
		1CCDCE572718F0BB00AD3696 /* MovieDetailsViewController.swift in Sources */ = {isa = PBXBuildFile; fileRef = 1CCDCE562718F0BB00AD3696 /* MovieDetailsViewController.swift */; };
		1CCDCE5927194C9500AD3696 /* MovieGridViewController.swift in Sources */ = {isa = PBXBuildFile; fileRef = 1CCDCE5827194C9500AD3696 /* MovieGridViewController.swift */; };
		1CCDCE5B271952C600AD3696 /* MovieGridCell.swift in Sources */ = {isa = PBXBuildFile; fileRef = 1CCDCE5A271952C600AD3696 /* MovieGridCell.swift */; };
		3BD2B4F4781080861ABA4BF0 /* Pods_FlixAppTests.framework in Frameworks */ = {isa = PBXBuildFile; fileRef = 094631A489BA9C13426BD4BF /* Pods_FlixAppTests.framework */; };
		65CC039DD0AAE552C8B4F542 /* Pods_FlixApp.framework in Frameworks */ = {isa = PBXBuildFile; fileRef = FE4F8E98A6E70D34A0EE6A61 /* Pods_FlixApp.framework */; };
		A22FF2ED74F617F6B455830B /* Pods_FlixApp_FlixAppUITests.framework in Frameworks */ = {isa = PBXBuildFile; fileRef = F6C238B45457FE17063FB8F2 /* Pods_FlixApp_FlixAppUITests.framework */; };
/* End PBXBuildFile section */

/* Begin PBXContainerItemProxy section */
		1CCCD53A2710F499001268DA /* PBXContainerItemProxy */ = {
			isa = PBXContainerItemProxy;
			containerPortal = 1CCCD51B2710F497001268DA /* Project object */;
			proxyType = 1;
			remoteGlobalIDString = 1CCCD5222710F497001268DA;
			remoteInfo = FlixApp;
		};
		1CCCD5442710F499001268DA /* PBXContainerItemProxy */ = {
			isa = PBXContainerItemProxy;
			containerPortal = 1CCCD51B2710F497001268DA /* Project object */;
			proxyType = 1;
			remoteGlobalIDString = 1CCCD5222710F497001268DA;
			remoteInfo = FlixApp;
		};
/* End PBXContainerItemProxy section */

/* Begin PBXFileReference section */
		094631A489BA9C13426BD4BF /* Pods_FlixAppTests.framework */ = {isa = PBXFileReference; explicitFileType = wrapper.framework; includeInIndex = 0; path = Pods_FlixAppTests.framework; sourceTree = BUILT_PRODUCTS_DIR; };
		1CCCD5232710F497001268DA /* FlixApp.app */ = {isa = PBXFileReference; explicitFileType = wrapper.application; includeInIndex = 0; path = FlixApp.app; sourceTree = BUILT_PRODUCTS_DIR; };
		1CCCD5262710F497001268DA /* AppDelegate.swift */ = {isa = PBXFileReference; lastKnownFileType = sourcecode.swift; path = AppDelegate.swift; sourceTree = "<group>"; };
		1CCCD5282710F497001268DA /* SceneDelegate.swift */ = {isa = PBXFileReference; lastKnownFileType = sourcecode.swift; path = SceneDelegate.swift; sourceTree = "<group>"; };
		1CCCD52A2710F497001268DA /* MoviesViewController.swift */ = {isa = PBXFileReference; lastKnownFileType = sourcecode.swift; path = MoviesViewController.swift; sourceTree = "<group>"; };
		1CCCD52D2710F497001268DA /* Base */ = {isa = PBXFileReference; lastKnownFileType = file.storyboard; name = Base; path = Base.lproj/Main.storyboard; sourceTree = "<group>"; };
		1CCCD52F2710F499001268DA /* Assets.xcassets */ = {isa = PBXFileReference; lastKnownFileType = folder.assetcatalog; path = Assets.xcassets; sourceTree = "<group>"; };
		1CCCD5322710F499001268DA /* Base */ = {isa = PBXFileReference; lastKnownFileType = file.storyboard; name = Base; path = Base.lproj/LaunchScreen.storyboard; sourceTree = "<group>"; };
		1CCCD5342710F499001268DA /* Info.plist */ = {isa = PBXFileReference; lastKnownFileType = text.plist.xml; path = Info.plist; sourceTree = "<group>"; };
		1CCCD5392710F499001268DA /* FlixAppTests.xctest */ = {isa = PBXFileReference; explicitFileType = wrapper.cfbundle; includeInIndex = 0; path = FlixAppTests.xctest; sourceTree = BUILT_PRODUCTS_DIR; };
		1CCCD53D2710F499001268DA /* FlixAppTests.swift */ = {isa = PBXFileReference; lastKnownFileType = sourcecode.swift; path = FlixAppTests.swift; sourceTree = "<group>"; };
		1CCCD5432710F499001268DA /* FlixAppUITests.xctest */ = {isa = PBXFileReference; explicitFileType = wrapper.cfbundle; includeInIndex = 0; path = FlixAppUITests.xctest; sourceTree = BUILT_PRODUCTS_DIR; };
		1CCCD5472710F49A001268DA /* FlixAppUITests.swift */ = {isa = PBXFileReference; lastKnownFileType = sourcecode.swift; path = FlixAppUITests.swift; sourceTree = "<group>"; };
		1CCCD5492710F49A001268DA /* FlixAppUITestsLaunchTests.swift */ = {isa = PBXFileReference; lastKnownFileType = sourcecode.swift; path = FlixAppUITestsLaunchTests.swift; sourceTree = "<group>"; };
		1CCCD556271107F6001268DA /* MovieCell.swift */ = {isa = PBXFileReference; lastKnownFileType = sourcecode.swift; path = MovieCell.swift; sourceTree = "<group>"; };
		1CCDCE562718F0BB00AD3696 /* MovieDetailsViewController.swift */ = {isa = PBXFileReference; lastKnownFileType = sourcecode.swift; path = MovieDetailsViewController.swift; sourceTree = "<group>"; };
		1CCDCE5827194C9500AD3696 /* MovieGridViewController.swift */ = {isa = PBXFileReference; lastKnownFileType = sourcecode.swift; path = MovieGridViewController.swift; sourceTree = "<group>"; };
		1CCDCE5A271952C600AD3696 /* MovieGridCell.swift */ = {isa = PBXFileReference; lastKnownFileType = sourcecode.swift; path = MovieGridCell.swift; sourceTree = "<group>"; };
		23DF5832A9337E379769273A /* Pods-FlixAppTests.debug.xcconfig */ = {isa = PBXFileReference; includeInIndex = 1; lastKnownFileType = text.xcconfig; name = "Pods-FlixAppTests.debug.xcconfig"; path = "Target Support Files/Pods-FlixAppTests/Pods-FlixAppTests.debug.xcconfig"; sourceTree = "<group>"; };
		2A2429D20DD049BDA4FC7311 /* Pods-FlixApp-FlixAppUITests.release.xcconfig */ = {isa = PBXFileReference; includeInIndex = 1; lastKnownFileType = text.xcconfig; name = "Pods-FlixApp-FlixAppUITests.release.xcconfig"; path = "Target Support Files/Pods-FlixApp-FlixAppUITests/Pods-FlixApp-FlixAppUITests.release.xcconfig"; sourceTree = "<group>"; };
		34BD0EBAC11E2829C0384663 /* Pods-FlixApp.release.xcconfig */ = {isa = PBXFileReference; includeInIndex = 1; lastKnownFileType = text.xcconfig; name = "Pods-FlixApp.release.xcconfig"; path = "Target Support Files/Pods-FlixApp/Pods-FlixApp.release.xcconfig"; sourceTree = "<group>"; };
		7BB9841DA04B7B23EF4F9320 /* Pods-FlixAppTests.release.xcconfig */ = {isa = PBXFileReference; includeInIndex = 1; lastKnownFileType = text.xcconfig; name = "Pods-FlixAppTests.release.xcconfig"; path = "Target Support Files/Pods-FlixAppTests/Pods-FlixAppTests.release.xcconfig"; sourceTree = "<group>"; };
		A3EC9106673182B831B185E6 /* Pods-FlixApp-FlixAppUITests.debug.xcconfig */ = {isa = PBXFileReference; includeInIndex = 1; lastKnownFileType = text.xcconfig; name = "Pods-FlixApp-FlixAppUITests.debug.xcconfig"; path = "Target Support Files/Pods-FlixApp-FlixAppUITests/Pods-FlixApp-FlixAppUITests.debug.xcconfig"; sourceTree = "<group>"; };
		AB6DF20DF4C60087551869ED /* Pods-FlixApp.debug.xcconfig */ = {isa = PBXFileReference; includeInIndex = 1; lastKnownFileType = text.xcconfig; name = "Pods-FlixApp.debug.xcconfig"; path = "Target Support Files/Pods-FlixApp/Pods-FlixApp.debug.xcconfig"; sourceTree = "<group>"; };
		F6C238B45457FE17063FB8F2 /* Pods_FlixApp_FlixAppUITests.framework */ = {isa = PBXFileReference; explicitFileType = wrapper.framework; includeInIndex = 0; path = Pods_FlixApp_FlixAppUITests.framework; sourceTree = BUILT_PRODUCTS_DIR; };
		FE4F8E98A6E70D34A0EE6A61 /* Pods_FlixApp.framework */ = {isa = PBXFileReference; explicitFileType = wrapper.framework; includeInIndex = 0; path = Pods_FlixApp.framework; sourceTree = BUILT_PRODUCTS_DIR; };
/* End PBXFileReference section */

/* Begin PBXFrameworksBuildPhase section */
		1CCCD5202710F497001268DA /* Frameworks */ = {
			isa = PBXFrameworksBuildPhase;
			buildActionMask = 2147483647;
			files = (
				1CCCD56427111584001268DA /* OrderedCollections in Frameworks */,
				1CCCD56027111584001268DA /* Collections in Frameworks */,
				1CCCD56227111584001268DA /* DequeModule in Frameworks */,
				1CCCD55D2711155E001268DA /* ArgumentParser in Frameworks */,
				1CCCD567271115A4001268DA /* SystemPackage in Frameworks */,
				1CCCD55A27111540001268DA /* Algorithms in Frameworks */,
				1CCCD56A2711251F001268DA /* AlamofireImage in Frameworks */,
				65CC039DD0AAE552C8B4F542 /* Pods_FlixApp.framework in Frameworks */,
			);
			runOnlyForDeploymentPostprocessing = 0;
		};
		1CCCD5362710F499001268DA /* Frameworks */ = {
			isa = PBXFrameworksBuildPhase;
			buildActionMask = 2147483647;
			files = (
				3BD2B4F4781080861ABA4BF0 /* Pods_FlixAppTests.framework in Frameworks */,
			);
			runOnlyForDeploymentPostprocessing = 0;
		};
		1CCCD5402710F499001268DA /* Frameworks */ = {
			isa = PBXFrameworksBuildPhase;
			buildActionMask = 2147483647;
			files = (
				A22FF2ED74F617F6B455830B /* Pods_FlixApp_FlixAppUITests.framework in Frameworks */,
			);
			runOnlyForDeploymentPostprocessing = 0;
		};
/* End PBXFrameworksBuildPhase section */

/* Begin PBXGroup section */
		1CCCD51A2710F497001268DA = {
			isa = PBXGroup;
			children = (
				1CCCD5252710F497001268DA /* FlixApp */,
				1CCCD53C2710F499001268DA /* FlixAppTests */,
				1CCCD5462710F499001268DA /* FlixAppUITests */,
				1CCCD5242710F497001268DA /* Products */,
				98DE34D77FCF96CA3327DE2A /* Pods */,
				50DC9B397AF06CC98D950B27 /* Frameworks */,
			);
			sourceTree = "<group>";
		};
		1CCCD5242710F497001268DA /* Products */ = {
			isa = PBXGroup;
			children = (
				1CCCD5232710F497001268DA /* FlixApp.app */,
				1CCCD5392710F499001268DA /* FlixAppTests.xctest */,
				1CCCD5432710F499001268DA /* FlixAppUITests.xctest */,
			);
			name = Products;
			sourceTree = "<group>";
		};
		1CCCD5252710F497001268DA /* FlixApp */ = {
			isa = PBXGroup;
			children = (
				1CCCD5262710F497001268DA /* AppDelegate.swift */,
				1CCCD5282710F497001268DA /* SceneDelegate.swift */,
				1CCCD52A2710F497001268DA /* MoviesViewController.swift */,
				1CCCD52C2710F497001268DA /* Main.storyboard */,
				1CCCD52F2710F499001268DA /* Assets.xcassets */,
				1CCCD5312710F499001268DA /* LaunchScreen.storyboard */,
				1CCCD5342710F499001268DA /* Info.plist */,
				1CCCD556271107F6001268DA /* MovieCell.swift */,
				1CCDCE562718F0BB00AD3696 /* MovieDetailsViewController.swift */,
				1CCDCE5827194C9500AD3696 /* MovieGridViewController.swift */,
				1CCDCE5A271952C600AD3696 /* MovieGridCell.swift */,
			);
			path = FlixApp;
			sourceTree = "<group>";
		};
		1CCCD53C2710F499001268DA /* FlixAppTests */ = {
			isa = PBXGroup;
			children = (
				1CCCD53D2710F499001268DA /* FlixAppTests.swift */,
			);
			path = FlixAppTests;
			sourceTree = "<group>";
		};
		1CCCD5462710F499001268DA /* FlixAppUITests */ = {
			isa = PBXGroup;
			children = (
				1CCCD5472710F49A001268DA /* FlixAppUITests.swift */,
				1CCCD5492710F49A001268DA /* FlixAppUITestsLaunchTests.swift */,
			);
			path = FlixAppUITests;
			sourceTree = "<group>";
		};
		50DC9B397AF06CC98D950B27 /* Frameworks */ = {
			isa = PBXGroup;
			children = (
				FE4F8E98A6E70D34A0EE6A61 /* Pods_FlixApp.framework */,
				F6C238B45457FE17063FB8F2 /* Pods_FlixApp_FlixAppUITests.framework */,
				094631A489BA9C13426BD4BF /* Pods_FlixAppTests.framework */,
			);
			name = Frameworks;
			sourceTree = "<group>";
		};
		98DE34D77FCF96CA3327DE2A /* Pods */ = {
			isa = PBXGroup;
			children = (
				AB6DF20DF4C60087551869ED /* Pods-FlixApp.debug.xcconfig */,
				34BD0EBAC11E2829C0384663 /* Pods-FlixApp.release.xcconfig */,
				A3EC9106673182B831B185E6 /* Pods-FlixApp-FlixAppUITests.debug.xcconfig */,
				2A2429D20DD049BDA4FC7311 /* Pods-FlixApp-FlixAppUITests.release.xcconfig */,
				23DF5832A9337E379769273A /* Pods-FlixAppTests.debug.xcconfig */,
				7BB9841DA04B7B23EF4F9320 /* Pods-FlixAppTests.release.xcconfig */,
			);
			path = Pods;
			sourceTree = "<group>";
		};
/* End PBXGroup section */

/* Begin PBXNativeTarget section */
		1CCCD5222710F497001268DA /* FlixApp */ = {
			isa = PBXNativeTarget;
			buildConfigurationList = 1CCCD54D2710F49A001268DA /* Build configuration list for PBXNativeTarget "FlixApp" */;
			buildPhases = (
				8CE239F8D23FFDC0722FFC00 /* [CP] Check Pods Manifest.lock */,
				1CCCD51F2710F497001268DA /* Sources */,
				1CCCD5202710F497001268DA /* Frameworks */,
				1CCCD5212710F497001268DA /* Resources */,
				843E2C6CA30F7026241068D2 /* [CP] Embed Pods Frameworks */,
			);
			buildRules = (
			);
			dependencies = (
			);
			name = FlixApp;
			packageProductDependencies = (
				1CCCD55927111540001268DA /* Algorithms */,
				1CCCD55C2711155E001268DA /* ArgumentParser */,
				1CCCD55F27111584001268DA /* Collections */,
				1CCCD56127111584001268DA /* DequeModule */,
				1CCCD56327111584001268DA /* OrderedCollections */,
				1CCCD566271115A4001268DA /* SystemPackage */,
				1CCCD5692711251F001268DA /* AlamofireImage */,
			);
			productName = FlixApp;
			productReference = 1CCCD5232710F497001268DA /* FlixApp.app */;
			productType = "com.apple.product-type.application";
		};
		1CCCD5382710F499001268DA /* FlixAppTests */ = {
			isa = PBXNativeTarget;
			buildConfigurationList = 1CCCD5502710F49A001268DA /* Build configuration list for PBXNativeTarget "FlixAppTests" */;
			buildPhases = (
				A3D252E5AEE04441C569D1A2 /* [CP] Check Pods Manifest.lock */,
				1CCCD5352710F499001268DA /* Sources */,
				1CCCD5362710F499001268DA /* Frameworks */,
				1CCCD5372710F499001268DA /* Resources */,
			);
			buildRules = (
			);
			dependencies = (
				1CCCD53B2710F499001268DA /* PBXTargetDependency */,
			);
			name = FlixAppTests;
			productName = FlixAppTests;
			productReference = 1CCCD5392710F499001268DA /* FlixAppTests.xctest */;
			productType = "com.apple.product-type.bundle.unit-test";
		};
		1CCCD5422710F499001268DA /* FlixAppUITests */ = {
			isa = PBXNativeTarget;
			buildConfigurationList = 1CCCD5532710F49A001268DA /* Build configuration list for PBXNativeTarget "FlixAppUITests" */;
			buildPhases = (
				98CC95784E826478B886D071 /* [CP] Check Pods Manifest.lock */,
				1CCCD53F2710F499001268DA /* Sources */,
				1CCCD5402710F499001268DA /* Frameworks */,
				1CCCD5412710F499001268DA /* Resources */,
				0749DAB53496EF81BA4ADF69 /* [CP] Embed Pods Frameworks */,
			);
			buildRules = (
			);
			dependencies = (
				1CCCD5452710F499001268DA /* PBXTargetDependency */,
			);
			name = FlixAppUITests;
			productName = FlixAppUITests;
			productReference = 1CCCD5432710F499001268DA /* FlixAppUITests.xctest */;
			productType = "com.apple.product-type.bundle.ui-testing";
		};
/* End PBXNativeTarget section */

/* Begin PBXProject section */
		1CCCD51B2710F497001268DA /* Project object */ = {
			isa = PBXProject;
			attributes = {
				BuildIndependentTargetsInParallel = 1;
				LastSwiftUpdateCheck = 1300;
				LastUpgradeCheck = 1300;
				TargetAttributes = {
					1CCCD5222710F497001268DA = {
						CreatedOnToolsVersion = 13.0;
					};
					1CCCD5382710F499001268DA = {
						CreatedOnToolsVersion = 13.0;
						TestTargetID = 1CCCD5222710F497001268DA;
					};
					1CCCD5422710F499001268DA = {
						CreatedOnToolsVersion = 13.0;
						TestTargetID = 1CCCD5222710F497001268DA;
					};
				};
			};
			buildConfigurationList = 1CCCD51E2710F497001268DA /* Build configuration list for PBXProject "FlixApp" */;
			compatibilityVersion = "Xcode 13.0";
			developmentRegion = en;
			hasScannedForEncodings = 0;
			knownRegions = (
				en,
				Base,
			);
			mainGroup = 1CCCD51A2710F497001268DA;
			packageReferences = (
				1CCCD55827111540001268DA /* XCRemoteSwiftPackageReference "swift-algorithms" */,
				1CCCD55B2711155E001268DA /* XCRemoteSwiftPackageReference "swift-argument-parser" */,
				1CCCD55E27111584001268DA /* XCRemoteSwiftPackageReference "swift-collections" */,
				1CCCD565271115A4001268DA /* XCRemoteSwiftPackageReference "swift-system" */,
				1CCCD5682711251F001268DA /* XCRemoteSwiftPackageReference "AlamofireImage" */,
			);
			productRefGroup = 1CCCD5242710F497001268DA /* Products */;
			projectDirPath = "";
			projectRoot = "";
			targets = (
				1CCCD5222710F497001268DA /* FlixApp */,
				1CCCD5382710F499001268DA /* FlixAppTests */,
				1CCCD5422710F499001268DA /* FlixAppUITests */,
			);
		};
/* End PBXProject section */

/* Begin PBXResourcesBuildPhase section */
		1CCCD5212710F497001268DA /* Resources */ = {
			isa = PBXResourcesBuildPhase;
			buildActionMask = 2147483647;
			files = (
				1CCCD5332710F499001268DA /* LaunchScreen.storyboard in Resources */,
				1CCCD5302710F499001268DA /* Assets.xcassets in Resources */,
				1CCCD52E2710F497001268DA /* Main.storyboard in Resources */,
			);
			runOnlyForDeploymentPostprocessing = 0;
		};
		1CCCD5372710F499001268DA /* Resources */ = {
			isa = PBXResourcesBuildPhase;
			buildActionMask = 2147483647;
			files = (
			);
			runOnlyForDeploymentPostprocessing = 0;
		};
		1CCCD5412710F499001268DA /* Resources */ = {
			isa = PBXResourcesBuildPhase;
			buildActionMask = 2147483647;
			files = (
			);
			runOnlyForDeploymentPostprocessing = 0;
		};
/* End PBXResourcesBuildPhase section */

/* Begin PBXShellScriptBuildPhase section */
		0749DAB53496EF81BA4ADF69 /* [CP] Embed Pods Frameworks */ = {
			isa = PBXShellScriptBuildPhase;
			buildActionMask = 2147483647;
			files = (
			);
			inputFileListPaths = (
				"${PODS_ROOT}/Target Support Files/Pods-FlixApp-FlixAppUITests/Pods-FlixApp-FlixAppUITests-frameworks-${CONFIGURATION}-input-files.xcfilelist",
			);
			name = "[CP] Embed Pods Frameworks";
			outputFileListPaths = (
				"${PODS_ROOT}/Target Support Files/Pods-FlixApp-FlixAppUITests/Pods-FlixApp-FlixAppUITests-frameworks-${CONFIGURATION}-output-files.xcfilelist",
			);
			runOnlyForDeploymentPostprocessing = 0;
			shellPath = /bin/sh;
			shellScript = "\"${PODS_ROOT}/Target Support Files/Pods-FlixApp-FlixAppUITests/Pods-FlixApp-FlixAppUITests-frameworks.sh\"\n";
			showEnvVarsInLog = 0;
		};
		843E2C6CA30F7026241068D2 /* [CP] Embed Pods Frameworks */ = {
			isa = PBXShellScriptBuildPhase;
			buildActionMask = 2147483647;
			files = (
			);
			inputFileListPaths = (
				"${PODS_ROOT}/Target Support Files/Pods-FlixApp/Pods-FlixApp-frameworks-${CONFIGURATION}-input-files.xcfilelist",
			);
			name = "[CP] Embed Pods Frameworks";
			outputFileListPaths = (
				"${PODS_ROOT}/Target Support Files/Pods-FlixApp/Pods-FlixApp-frameworks-${CONFIGURATION}-output-files.xcfilelist",
			);
			runOnlyForDeploymentPostprocessing = 0;
			shellPath = /bin/sh;
			shellScript = "\"${PODS_ROOT}/Target Support Files/Pods-FlixApp/Pods-FlixApp-frameworks.sh\"\n";
			showEnvVarsInLog = 0;
		};
		8CE239F8D23FFDC0722FFC00 /* [CP] Check Pods Manifest.lock */ = {
			isa = PBXShellScriptBuildPhase;
			buildActionMask = 2147483647;
			files = (
			);
			inputFileListPaths = (
			);
			inputPaths = (
				"${PODS_PODFILE_DIR_PATH}/Podfile.lock",
				"${PODS_ROOT}/Manifest.lock",
			);
			name = "[CP] Check Pods Manifest.lock";
			outputFileListPaths = (
			);
			outputPaths = (
				"$(DERIVED_FILE_DIR)/Pods-FlixApp-checkManifestLockResult.txt",
			);
			runOnlyForDeploymentPostprocessing = 0;
			shellPath = /bin/sh;
			shellScript = "diff \"${PODS_PODFILE_DIR_PATH}/Podfile.lock\" \"${PODS_ROOT}/Manifest.lock\" > /dev/null\nif [ $? != 0 ] ; then\n    # print error to STDERR\n    echo \"error: The sandbox is not in sync with the Podfile.lock. Run 'pod install' or update your CocoaPods installation.\" >&2\n    exit 1\nfi\n# This output is used by Xcode 'outputs' to avoid re-running this script phase.\necho \"SUCCESS\" > \"${SCRIPT_OUTPUT_FILE_0}\"\n";
			showEnvVarsInLog = 0;
		};
		98CC95784E826478B886D071 /* [CP] Check Pods Manifest.lock */ = {
			isa = PBXShellScriptBuildPhase;
			buildActionMask = 2147483647;
			files = (
			);
			inputFileListPaths = (
			);
			inputPaths = (
				"${PODS_PODFILE_DIR_PATH}/Podfile.lock",
				"${PODS_ROOT}/Manifest.lock",
			);
			name = "[CP] Check Pods Manifest.lock";
			outputFileListPaths = (
			);
			outputPaths = (
				"$(DERIVED_FILE_DIR)/Pods-FlixApp-FlixAppUITests-checkManifestLockResult.txt",
			);
			runOnlyForDeploymentPostprocessing = 0;
			shellPath = /bin/sh;
			shellScript = "diff \"${PODS_PODFILE_DIR_PATH}/Podfile.lock\" \"${PODS_ROOT}/Manifest.lock\" > /dev/null\nif [ $? != 0 ] ; then\n    # print error to STDERR\n    echo \"error: The sandbox is not in sync with the Podfile.lock. Run 'pod install' or update your CocoaPods installation.\" >&2\n    exit 1\nfi\n# This output is used by Xcode 'outputs' to avoid re-running this script phase.\necho \"SUCCESS\" > \"${SCRIPT_OUTPUT_FILE_0}\"\n";
			showEnvVarsInLog = 0;
		};
		A3D252E5AEE04441C569D1A2 /* [CP] Check Pods Manifest.lock */ = {
			isa = PBXShellScriptBuildPhase;
			buildActionMask = 2147483647;
			files = (
			);
			inputFileListPaths = (
			);
			inputPaths = (
				"${PODS_PODFILE_DIR_PATH}/Podfile.lock",
				"${PODS_ROOT}/Manifest.lock",
			);
			name = "[CP] Check Pods Manifest.lock";
			outputFileListPaths = (
			);
			outputPaths = (
				"$(DERIVED_FILE_DIR)/Pods-FlixAppTests-checkManifestLockResult.txt",
			);
			runOnlyForDeploymentPostprocessing = 0;
			shellPath = /bin/sh;
			shellScript = "diff \"${PODS_PODFILE_DIR_PATH}/Podfile.lock\" \"${PODS_ROOT}/Manifest.lock\" > /dev/null\nif [ $? != 0 ] ; then\n    # print error to STDERR\n    echo \"error: The sandbox is not in sync with the Podfile.lock. Run 'pod install' or update your CocoaPods installation.\" >&2\n    exit 1\nfi\n# This output is used by Xcode 'outputs' to avoid re-running this script phase.\necho \"SUCCESS\" > \"${SCRIPT_OUTPUT_FILE_0}\"\n";
			showEnvVarsInLog = 0;
		};
/* End PBXShellScriptBuildPhase section */

/* Begin PBXSourcesBuildPhase section */
		1CCCD51F2710F497001268DA /* Sources */ = {
			isa = PBXSourcesBuildPhase;
			buildActionMask = 2147483647;
			files = (
				1CCDCE572718F0BB00AD3696 /* MovieDetailsViewController.swift in Sources */,
				1CCCD52B2710F497001268DA /* MoviesViewController.swift in Sources */,
				1CCCD5272710F497001268DA /* AppDelegate.swift in Sources */,
				1CCCD557271107F6001268DA /* MovieCell.swift in Sources */,
				1CCCD5292710F497001268DA /* SceneDelegate.swift in Sources */,
				1CCDCE5927194C9500AD3696 /* MovieGridViewController.swift in Sources */,
				1CCDCE5B271952C600AD3696 /* MovieGridCell.swift in Sources */,
			);
			runOnlyForDeploymentPostprocessing = 0;
		};
		1CCCD5352710F499001268DA /* Sources */ = {
			isa = PBXSourcesBuildPhase;
			buildActionMask = 2147483647;
			files = (
				1CCCD53E2710F499001268DA /* FlixAppTests.swift in Sources */,
			);
			runOnlyForDeploymentPostprocessing = 0;
		};
		1CCCD53F2710F499001268DA /* Sources */ = {
			isa = PBXSourcesBuildPhase;
			buildActionMask = 2147483647;
			files = (
				1CCCD5482710F49A001268DA /* FlixAppUITests.swift in Sources */,
				1CCCD54A2710F49A001268DA /* FlixAppUITestsLaunchTests.swift in Sources */,
			);
			runOnlyForDeploymentPostprocessing = 0;
		};
/* End PBXSourcesBuildPhase section */

/* Begin PBXTargetDependency section */
		1CCCD53B2710F499001268DA /* PBXTargetDependency */ = {
			isa = PBXTargetDependency;
			target = 1CCCD5222710F497001268DA /* FlixApp */;
			targetProxy = 1CCCD53A2710F499001268DA /* PBXContainerItemProxy */;
		};
		1CCCD5452710F499001268DA /* PBXTargetDependency */ = {
			isa = PBXTargetDependency;
			target = 1CCCD5222710F497001268DA /* FlixApp */;
			targetProxy = 1CCCD5442710F499001268DA /* PBXContainerItemProxy */;
		};
/* End PBXTargetDependency section */

/* Begin PBXVariantGroup section */
		1CCCD52C2710F497001268DA /* Main.storyboard */ = {
			isa = PBXVariantGroup;
			children = (
				1CCCD52D2710F497001268DA /* Base */,
			);
			name = Main.storyboard;
			sourceTree = "<group>";
		};
		1CCCD5312710F499001268DA /* LaunchScreen.storyboard */ = {
			isa = PBXVariantGroup;
			children = (
				1CCCD5322710F499001268DA /* Base */,
			);
			name = LaunchScreen.storyboard;
			sourceTree = "<group>";
		};
/* End PBXVariantGroup section */

/* Begin XCBuildConfiguration section */
		1CCCD54B2710F49A001268DA /* Debug */ = {
			isa = XCBuildConfiguration;
			buildSettings = {
				ALWAYS_SEARCH_USER_PATHS = NO;
				CLANG_ANALYZER_NONNULL = YES;
				CLANG_ANALYZER_NUMBER_OBJECT_CONVERSION = YES_AGGRESSIVE;
				CLANG_CXX_LANGUAGE_STANDARD = "gnu++17";
				CLANG_CXX_LIBRARY = "libc++";
				CLANG_ENABLE_MODULES = YES;
				CLANG_ENABLE_OBJC_ARC = YES;
				CLANG_ENABLE_OBJC_WEAK = YES;
				CLANG_WARN_BLOCK_CAPTURE_AUTORELEASING = YES;
				CLANG_WARN_BOOL_CONVERSION = YES;
				CLANG_WARN_COMMA = YES;
				CLANG_WARN_CONSTANT_CONVERSION = YES;
				CLANG_WARN_DEPRECATED_OBJC_IMPLEMENTATIONS = YES;
				CLANG_WARN_DIRECT_OBJC_ISA_USAGE = YES_ERROR;
				CLANG_WARN_DOCUMENTATION_COMMENTS = YES;
				CLANG_WARN_EMPTY_BODY = YES;
				CLANG_WARN_ENUM_CONVERSION = YES;
				CLANG_WARN_INFINITE_RECURSION = YES;
				CLANG_WARN_INT_CONVERSION = YES;
				CLANG_WARN_NON_LITERAL_NULL_CONVERSION = YES;
				CLANG_WARN_OBJC_IMPLICIT_RETAIN_SELF = YES;
				CLANG_WARN_OBJC_LITERAL_CONVERSION = YES;
				CLANG_WARN_OBJC_ROOT_CLASS = YES_ERROR;
				CLANG_WARN_QUOTED_INCLUDE_IN_FRAMEWORK_HEADER = YES;
				CLANG_WARN_RANGE_LOOP_ANALYSIS = YES;
				CLANG_WARN_STRICT_PROTOTYPES = YES;
				CLANG_WARN_SUSPICIOUS_MOVE = YES;
				CLANG_WARN_UNGUARDED_AVAILABILITY = YES_AGGRESSIVE;
				CLANG_WARN_UNREACHABLE_CODE = YES;
				CLANG_WARN__DUPLICATE_METHOD_MATCH = YES;
				COPY_PHASE_STRIP = NO;
				DEBUG_INFORMATION_FORMAT = dwarf;
				ENABLE_STRICT_OBJC_MSGSEND = YES;
				ENABLE_TESTABILITY = YES;
				GCC_C_LANGUAGE_STANDARD = gnu11;
				GCC_DYNAMIC_NO_PIC = NO;
				GCC_NO_COMMON_BLOCKS = YES;
				GCC_OPTIMIZATION_LEVEL = 0;
				GCC_PREPROCESSOR_DEFINITIONS = (
					"DEBUG=1",
					"$(inherited)",
				);
				GCC_WARN_64_TO_32_BIT_CONVERSION = YES;
				GCC_WARN_ABOUT_RETURN_TYPE = YES_ERROR;
				GCC_WARN_UNDECLARED_SELECTOR = YES;
				GCC_WARN_UNINITIALIZED_AUTOS = YES_AGGRESSIVE;
				GCC_WARN_UNUSED_FUNCTION = YES;
				GCC_WARN_UNUSED_VARIABLE = YES;
				IPHONEOS_DEPLOYMENT_TARGET = 15.0;
				MTL_ENABLE_DEBUG_INFO = INCLUDE_SOURCE;
				MTL_FAST_MATH = YES;
				ONLY_ACTIVE_ARCH = YES;
				SDKROOT = iphoneos;
				SWIFT_ACTIVE_COMPILATION_CONDITIONS = DEBUG;
				SWIFT_OPTIMIZATION_LEVEL = "-Onone";
			};
			name = Debug;
		};
		1CCCD54C2710F49A001268DA /* Release */ = {
			isa = XCBuildConfiguration;
			buildSettings = {
				ALWAYS_SEARCH_USER_PATHS = NO;
				CLANG_ANALYZER_NONNULL = YES;
				CLANG_ANALYZER_NUMBER_OBJECT_CONVERSION = YES_AGGRESSIVE;
				CLANG_CXX_LANGUAGE_STANDARD = "gnu++17";
				CLANG_CXX_LIBRARY = "libc++";
				CLANG_ENABLE_MODULES = YES;
				CLANG_ENABLE_OBJC_ARC = YES;
				CLANG_ENABLE_OBJC_WEAK = YES;
				CLANG_WARN_BLOCK_CAPTURE_AUTORELEASING = YES;
				CLANG_WARN_BOOL_CONVERSION = YES;
				CLANG_WARN_COMMA = YES;
				CLANG_WARN_CONSTANT_CONVERSION = YES;
				CLANG_WARN_DEPRECATED_OBJC_IMPLEMENTATIONS = YES;
				CLANG_WARN_DIRECT_OBJC_ISA_USAGE = YES_ERROR;
				CLANG_WARN_DOCUMENTATION_COMMENTS = YES;
				CLANG_WARN_EMPTY_BODY = YES;
				CLANG_WARN_ENUM_CONVERSION = YES;
				CLANG_WARN_INFINITE_RECURSION = YES;
				CLANG_WARN_INT_CONVERSION = YES;
				CLANG_WARN_NON_LITERAL_NULL_CONVERSION = YES;
				CLANG_WARN_OBJC_IMPLICIT_RETAIN_SELF = YES;
				CLANG_WARN_OBJC_LITERAL_CONVERSION = YES;
				CLANG_WARN_OBJC_ROOT_CLASS = YES_ERROR;
				CLANG_WARN_QUOTED_INCLUDE_IN_FRAMEWORK_HEADER = YES;
				CLANG_WARN_RANGE_LOOP_ANALYSIS = YES;
				CLANG_WARN_STRICT_PROTOTYPES = YES;
				CLANG_WARN_SUSPICIOUS_MOVE = YES;
				CLANG_WARN_UNGUARDED_AVAILABILITY = YES_AGGRESSIVE;
				CLANG_WARN_UNREACHABLE_CODE = YES;
				CLANG_WARN__DUPLICATE_METHOD_MATCH = YES;
				COPY_PHASE_STRIP = NO;
				DEBUG_INFORMATION_FORMAT = "dwarf-with-dsym";
				ENABLE_NS_ASSERTIONS = NO;
				ENABLE_STRICT_OBJC_MSGSEND = YES;
				GCC_C_LANGUAGE_STANDARD = gnu11;
				GCC_NO_COMMON_BLOCKS = YES;
				GCC_WARN_64_TO_32_BIT_CONVERSION = YES;
				GCC_WARN_ABOUT_RETURN_TYPE = YES_ERROR;
				GCC_WARN_UNDECLARED_SELECTOR = YES;
				GCC_WARN_UNINITIALIZED_AUTOS = YES_AGGRESSIVE;
				GCC_WARN_UNUSED_FUNCTION = YES;
				GCC_WARN_UNUSED_VARIABLE = YES;
				IPHONEOS_DEPLOYMENT_TARGET = 15.0;
				MTL_ENABLE_DEBUG_INFO = NO;
				MTL_FAST_MATH = YES;
				SDKROOT = iphoneos;
				SWIFT_COMPILATION_MODE = wholemodule;
				SWIFT_OPTIMIZATION_LEVEL = "-O";
				VALIDATE_PRODUCT = YES;
			};
			name = Release;
		};
		1CCCD54E2710F49A001268DA /* Debug */ = {
			isa = XCBuildConfiguration;
			baseConfigurationReference = AB6DF20DF4C60087551869ED /* Pods-FlixApp.debug.xcconfig */;
			buildSettings = {
				ASSETCATALOG_COMPILER_APPICON_NAME = AppIcon;
				ASSETCATALOG_COMPILER_GLOBAL_ACCENT_COLOR_NAME = AccentColor;
				CODE_SIGN_STYLE = Automatic;
				CURRENT_PROJECT_VERSION = 1;
				DEVELOPMENT_TEAM = LCSDT38AK7;
				GENERATE_INFOPLIST_FILE = YES;
				INFOPLIST_FILE = FlixApp/Info.plist;
				INFOPLIST_KEY_UIApplicationSupportsIndirectInputEvents = YES;
				INFOPLIST_KEY_UILaunchStoryboardName = LaunchScreen;
				INFOPLIST_KEY_UIMainStoryboardFile = Main;
				INFOPLIST_KEY_UISupportedInterfaceOrientations_iPad = "UIInterfaceOrientationPortrait UIInterfaceOrientationPortraitUpsideDown UIInterfaceOrientationLandscapeLeft UIInterfaceOrientationLandscapeRight";
				INFOPLIST_KEY_UISupportedInterfaceOrientations_iPhone = "UIInterfaceOrientationPortrait UIInterfaceOrientationLandscapeLeft UIInterfaceOrientationLandscapeRight";
				LD_RUNPATH_SEARCH_PATHS = (
					"$(inherited)",
					"@executable_path/Frameworks",
				);
				MARKETING_VERSION = 1.0;
				PRODUCT_BUNDLE_IDENTIFIER = com.dcocoletzi22.FlixApp;
				PRODUCT_NAME = "$(TARGET_NAME)";
				SWIFT_EMIT_LOC_STRINGS = YES;
				SWIFT_VERSION = 5.0;
				TARGETED_DEVICE_FAMILY = "1,2";
			};
			name = Debug;
		};
		1CCCD54F2710F49A001268DA /* Release */ = {
			isa = XCBuildConfiguration;
			baseConfigurationReference = 34BD0EBAC11E2829C0384663 /* Pods-FlixApp.release.xcconfig */;
			buildSettings = {
				ASSETCATALOG_COMPILER_APPICON_NAME = AppIcon;
				ASSETCATALOG_COMPILER_GLOBAL_ACCENT_COLOR_NAME = AccentColor;
				CODE_SIGN_STYLE = Automatic;
				CURRENT_PROJECT_VERSION = 1;
				DEVELOPMENT_TEAM = LCSDT38AK7;
				GENERATE_INFOPLIST_FILE = YES;
				INFOPLIST_FILE = FlixApp/Info.plist;
				INFOPLIST_KEY_UIApplicationSupportsIndirectInputEvents = YES;
				INFOPLIST_KEY_UILaunchStoryboardName = LaunchScreen;
				INFOPLIST_KEY_UIMainStoryboardFile = Main;
				INFOPLIST_KEY_UISupportedInterfaceOrientations_iPad = "UIInterfaceOrientationPortrait UIInterfaceOrientationPortraitUpsideDown UIInterfaceOrientationLandscapeLeft UIInterfaceOrientationLandscapeRight";
				INFOPLIST_KEY_UISupportedInterfaceOrientations_iPhone = "UIInterfaceOrientationPortrait UIInterfaceOrientationLandscapeLeft UIInterfaceOrientationLandscapeRight";
				LD_RUNPATH_SEARCH_PATHS = (
					"$(inherited)",
					"@executable_path/Frameworks",
				);
				MARKETING_VERSION = 1.0;
				PRODUCT_BUNDLE_IDENTIFIER = com.dcocoletzi22.FlixApp;
				PRODUCT_NAME = "$(TARGET_NAME)";
				SWIFT_EMIT_LOC_STRINGS = YES;
				SWIFT_VERSION = 5.0;
				TARGETED_DEVICE_FAMILY = "1,2";
			};
			name = Release;
		};
		1CCCD5512710F49A001268DA /* Debug */ = {
			isa = XCBuildConfiguration;
			baseConfigurationReference = 23DF5832A9337E379769273A /* Pods-FlixAppTests.debug.xcconfig */;
			buildSettings = {
				ALWAYS_EMBED_SWIFT_STANDARD_LIBRARIES = YES;
				BUNDLE_LOADER = "$(TEST_HOST)";
				CODE_SIGN_STYLE = Automatic;
				CURRENT_PROJECT_VERSION = 1;
				DEVELOPMENT_TEAM = LCSDT38AK7;
				GENERATE_INFOPLIST_FILE = YES;
				IPHONEOS_DEPLOYMENT_TARGET = 15.0;
				LD_RUNPATH_SEARCH_PATHS = (
					"$(inherited)",
					"@executable_path/Frameworks",
					"@loader_path/Frameworks",
				);
				MARKETING_VERSION = 1.0;
				PRODUCT_BUNDLE_IDENTIFIER = com.dcocoletzi22.FlixAppTests;
				PRODUCT_NAME = "$(TARGET_NAME)";
				SWIFT_EMIT_LOC_STRINGS = NO;
				SWIFT_VERSION = 5.0;
				TARGETED_DEVICE_FAMILY = "1,2";
				TEST_HOST = "$(BUILT_PRODUCTS_DIR)/FlixApp.app/FlixApp";
			};
			name = Debug;
		};
		1CCCD5522710F49A001268DA /* Release */ = {
			isa = XCBuildConfiguration;
			baseConfigurationReference = 7BB9841DA04B7B23EF4F9320 /* Pods-FlixAppTests.release.xcconfig */;
			buildSettings = {
				ALWAYS_EMBED_SWIFT_STANDARD_LIBRARIES = YES;
				BUNDLE_LOADER = "$(TEST_HOST)";
				CODE_SIGN_STYLE = Automatic;
				CURRENT_PROJECT_VERSION = 1;
				DEVELOPMENT_TEAM = LCSDT38AK7;
				GENERATE_INFOPLIST_FILE = YES;
				IPHONEOS_DEPLOYMENT_TARGET = 15.0;
				LD_RUNPATH_SEARCH_PATHS = (
					"$(inherited)",
					"@executable_path/Frameworks",
					"@loader_path/Frameworks",
				);
				MARKETING_VERSION = 1.0;
				PRODUCT_BUNDLE_IDENTIFIER = com.dcocoletzi22.FlixAppTests;
				PRODUCT_NAME = "$(TARGET_NAME)";
				SWIFT_EMIT_LOC_STRINGS = NO;
				SWIFT_VERSION = 5.0;
				TARGETED_DEVICE_FAMILY = "1,2";
				TEST_HOST = "$(BUILT_PRODUCTS_DIR)/FlixApp.app/FlixApp";
			};
			name = Release;
		};
		1CCCD5542710F49A001268DA /* Debug */ = {
			isa = XCBuildConfiguration;
			baseConfigurationReference = A3EC9106673182B831B185E6 /* Pods-FlixApp-FlixAppUITests.debug.xcconfig */;
			buildSettings = {
				ALWAYS_EMBED_SWIFT_STANDARD_LIBRARIES = YES;
				CODE_SIGN_STYLE = Automatic;
				CURRENT_PROJECT_VERSION = 1;
				DEVELOPMENT_TEAM = LCSDT38AK7;
				GENERATE_INFOPLIST_FILE = YES;
				LD_RUNPATH_SEARCH_PATHS = (
					"$(inherited)",
					"@executable_path/Frameworks",
					"@loader_path/Frameworks",
				);
				MARKETING_VERSION = 1.0;
				PRODUCT_BUNDLE_IDENTIFIER = com.dcocoletzi22.FlixAppUITests;
				PRODUCT_NAME = "$(TARGET_NAME)";
				SWIFT_EMIT_LOC_STRINGS = NO;
				SWIFT_VERSION = 5.0;
				TARGETED_DEVICE_FAMILY = "1,2";
				TEST_TARGET_NAME = FlixApp;
			};
			name = Debug;
		};
		1CCCD5552710F49A001268DA /* Release */ = {
			isa = XCBuildConfiguration;
			baseConfigurationReference = 2A2429D20DD049BDA4FC7311 /* Pods-FlixApp-FlixAppUITests.release.xcconfig */;
			buildSettings = {
				ALWAYS_EMBED_SWIFT_STANDARD_LIBRARIES = YES;
				CODE_SIGN_STYLE = Automatic;
				CURRENT_PROJECT_VERSION = 1;
				DEVELOPMENT_TEAM = LCSDT38AK7;
				GENERATE_INFOPLIST_FILE = YES;
				LD_RUNPATH_SEARCH_PATHS = (
					"$(inherited)",
					"@executable_path/Frameworks",
					"@loader_path/Frameworks",
				);
				MARKETING_VERSION = 1.0;
				PRODUCT_BUNDLE_IDENTIFIER = com.dcocoletzi22.FlixAppUITests;
				PRODUCT_NAME = "$(TARGET_NAME)";
				SWIFT_EMIT_LOC_STRINGS = NO;
				SWIFT_VERSION = 5.0;
				TARGETED_DEVICE_FAMILY = "1,2";
				TEST_TARGET_NAME = FlixApp;
			};
			name = Release;
		};
/* End XCBuildConfiguration section */

/* Begin XCConfigurationList section */
		1CCCD51E2710F497001268DA /* Build configuration list for PBXProject "FlixApp" */ = {
			isa = XCConfigurationList;
			buildConfigurations = (
				1CCCD54B2710F49A001268DA /* Debug */,
				1CCCD54C2710F49A001268DA /* Release */,
			);
			defaultConfigurationIsVisible = 0;
			defaultConfigurationName = Release;
		};
		1CCCD54D2710F49A001268DA /* Build configuration list for PBXNativeTarget "FlixApp" */ = {
			isa = XCConfigurationList;
			buildConfigurations = (
				1CCCD54E2710F49A001268DA /* Debug */,
				1CCCD54F2710F49A001268DA /* Release */,
			);
			defaultConfigurationIsVisible = 0;
			defaultConfigurationName = Release;
		};
		1CCCD5502710F49A001268DA /* Build configuration list for PBXNativeTarget "FlixAppTests" */ = {
			isa = XCConfigurationList;
			buildConfigurations = (
				1CCCD5512710F49A001268DA /* Debug */,
				1CCCD5522710F49A001268DA /* Release */,
			);
			defaultConfigurationIsVisible = 0;
			defaultConfigurationName = Release;
		};
		1CCCD5532710F49A001268DA /* Build configuration list for PBXNativeTarget "FlixAppUITests" */ = {
			isa = XCConfigurationList;
			buildConfigurations = (
				1CCCD5542710F49A001268DA /* Debug */,
				1CCCD5552710F49A001268DA /* Release */,
			);
			defaultConfigurationIsVisible = 0;
			defaultConfigurationName = Release;
		};
/* End XCConfigurationList section */

/* Begin XCRemoteSwiftPackageReference section */
		1CCCD55827111540001268DA /* XCRemoteSwiftPackageReference "swift-algorithms" */ = {
			isa = XCRemoteSwiftPackageReference;
			repositoryURL = "https://github.com/apple/swift-algorithms.git";
			requirement = {
				kind = upToNextMajorVersion;
				minimumVersion = 1.0.0;
			};
		};
		1CCCD55B2711155E001268DA /* XCRemoteSwiftPackageReference "swift-argument-parser" */ = {
			isa = XCRemoteSwiftPackageReference;
			repositoryURL = "https://github.com/apple/swift-argument-parser.git";
			requirement = {
				kind = upToNextMajorVersion;
				minimumVersion = 1.0.0;
			};
		};
		1CCCD55E27111584001268DA /* XCRemoteSwiftPackageReference "swift-collections" */ = {
			isa = XCRemoteSwiftPackageReference;
			repositoryURL = "https://github.com/apple/swift-collections.git";
			requirement = {
				kind = upToNextMajorVersion;
				minimumVersion = 1.0.0;
			};
		};
		1CCCD565271115A4001268DA /* XCRemoteSwiftPackageReference "swift-system" */ = {
			isa = XCRemoteSwiftPackageReference;
			repositoryURL = "https://github.com/apple/swift-system.git";
			requirement = {
				kind = upToNextMajorVersion;
				minimumVersion = 1.0.0;
			};
		};
		1CCCD5682711251F001268DA /* XCRemoteSwiftPackageReference "AlamofireImage" */ = {
			isa = XCRemoteSwiftPackageReference;
			repositoryURL = "https://github.com/Alamofire/AlamofireImage";
			requirement = {
				kind = upToNextMajorVersion;
				minimumVersion = 4.0.0;
			};
		};
/* End XCRemoteSwiftPackageReference section */

/* Begin XCSwiftPackageProductDependency section */
		1CCCD55927111540001268DA /* Algorithms */ = {
			isa = XCSwiftPackageProductDependency;
			package = 1CCCD55827111540001268DA /* XCRemoteSwiftPackageReference "swift-algorithms" */;
			productName = Algorithms;
		};
		1CCCD55C2711155E001268DA /* ArgumentParser */ = {
			isa = XCSwiftPackageProductDependency;
			package = 1CCCD55B2711155E001268DA /* XCRemoteSwiftPackageReference "swift-argument-parser" */;
			productName = ArgumentParser;
		};
		1CCCD55F27111584001268DA /* Collections */ = {
			isa = XCSwiftPackageProductDependency;
			package = 1CCCD55E27111584001268DA /* XCRemoteSwiftPackageReference "swift-collections" */;
			productName = Collections;
		};
		1CCCD56127111584001268DA /* DequeModule */ = {
			isa = XCSwiftPackageProductDependency;
			package = 1CCCD55E27111584001268DA /* XCRemoteSwiftPackageReference "swift-collections" */;
			productName = DequeModule;
		};
		1CCCD56327111584001268DA /* OrderedCollections */ = {
			isa = XCSwiftPackageProductDependency;
			package = 1CCCD55E27111584001268DA /* XCRemoteSwiftPackageReference "swift-collections" */;
			productName = OrderedCollections;
		};
		1CCCD566271115A4001268DA /* SystemPackage */ = {
			isa = XCSwiftPackageProductDependency;
			package = 1CCCD565271115A4001268DA /* XCRemoteSwiftPackageReference "swift-system" */;
			productName = SystemPackage;
		};
		1CCCD5692711251F001268DA /* AlamofireImage */ = {
			isa = XCSwiftPackageProductDependency;
			package = 1CCCD5682711251F001268DA /* XCRemoteSwiftPackageReference "AlamofireImage" */;
			productName = AlamofireImage;
		};
/* End XCSwiftPackageProductDependency section */
	};
	rootObject = 1CCCD51B2710F497001268DA /* Project object */;
}
